
Microsoft Visual Studio Solution File, Format Version 12.00
# Visual Studio 15
VisualStudioVersion = 15.0.27130.2036
MinimumVisualStudioVersion = 10.0.40219.1
Project("{FAE04EC0-301F-11D3-BF4B-00C04F79EFBC}") = "Exam System 2.0", "Exam System 2.0.csproj", "{9ECC571F-200C-4514-A56F-49CFB0286228}"
EndProject
Global
	GlobalSection(SolutionConfigurationPlatforms) = preSolution
		Debug|Any CPU = Debug|Any CPU
		Release|Any CPU = Release|Any CPU
	EndGlobalSection
	GlobalSection(ProjectConfigurationPlatforms) = postSolution
		{9ECC571F-200C-4514-A56F-49CFB0286228}.Debug|Any CPU.ActiveCfg = Debug|Any CPU
		{9ECC571F-200C-4514-A56F-49CFB0286228}.Debug|Any CPU.Build.0 = Debug|Any CPU
		{9ECC571F-200C-4514-A56F-49CFB0286228}.Release|Any CPU.ActiveCfg = Release|Any CPU
		{9ECC571F-200C-4514-A56F-49CFB0286228}.Release|Any CPU.Build.0 = Release|Any CPU
	EndGlobalSection
	GlobalSection(SolutionProperties) = preSolution
		HideSolutionNode = FALSE
	EndGlobalSection
	GlobalSection(ExtensibilityGlobals) = postSolution
		SolutionGuid = {D5F32678-4CD0-4C5A-B145-83FD2F2BF2B7}
	EndGlobalSection
EndGlobal
